
Microsoft Visual Studio Solution File, Format Version 12.00
# Visual Studio 2013
VisualStudioVersion = 12.0.21005.1
MinimumVisualStudioVersion = 10.0.40219.1
Project("{FAE04EC0-301F-11D3-BF4B-00C04F79EFBC}") = "Battleship", "Battleship\Battleship.csproj", "{9E8F35F1-F2AA-4065-BBE4-83AF1DA17539}"
EndProject
Project("{FAE04EC0-301F-11D3-BF4B-00C04F79EFBC}") = "BattleShipGrid", "BattleShipGrid\BattleShipGrid.csproj", "{616A6B5E-CF5C-45CB-8132-34144B1CA505}"
EndProject
Project("{FAE04EC0-301F-11D3-BF4B-00C04F79EFBC}") = "BattleShipShared", "BattleShipShared\BattleShipShared.csproj", "{943B7378-6D97-41A6-823C-FD4F4D6E4BC1}"
EndProject
Project("{FAE04EC0-301F-11D3-BF4B-00C04F79EFBC}") = "BattleshipServeur", "BattleshipServeur\BattleshipServeur.csproj", "{92ADE626-BF8E-48F0-8AA6-8C91EB67A706}"
EndProject
Project("{FAE04EC0-301F-11D3-BF4B-00C04F79EFBC}") = "BattleShipGridAttaque", "BattleShipGridAttaque\BattleShipGridAttaque.csproj", "{207B0CD5-B8D8-417A-8577-857D5A1D2940}"
EndProject
Global
	GlobalSection(SolutionConfigurationPlatforms) = preSolution
		Debug|Any CPU = Debug|Any CPU
		Release|Any CPU = Release|Any CPU
	EndGlobalSection
	GlobalSection(ProjectConfigurationPlatforms) = postSolution
		{9E8F35F1-F2AA-4065-BBE4-83AF1DA17539}.Debug|Any CPU.ActiveCfg = Debug|Any CPU
		{9E8F35F1-F2AA-4065-BBE4-83AF1DA17539}.Debug|Any CPU.Build.0 = Debug|Any CPU
		{9E8F35F1-F2AA-4065-BBE4-83AF1DA17539}.Release|Any CPU.ActiveCfg = Release|Any CPU
		{9E8F35F1-F2AA-4065-BBE4-83AF1DA17539}.Release|Any CPU.Build.0 = Release|Any CPU
		{616A6B5E-CF5C-45CB-8132-34144B1CA505}.Debug|Any CPU.ActiveCfg = Debug|Any CPU
		{616A6B5E-CF5C-45CB-8132-34144B1CA505}.Debug|Any CPU.Build.0 = Debug|Any CPU
		{616A6B5E-CF5C-45CB-8132-34144B1CA505}.Release|Any CPU.ActiveCfg = Release|Any CPU
		{616A6B5E-CF5C-45CB-8132-34144B1CA505}.Release|Any CPU.Build.0 = Release|Any CPU
		{943B7378-6D97-41A6-823C-FD4F4D6E4BC1}.Debug|Any CPU.ActiveCfg = Debug|Any CPU
		{943B7378-6D97-41A6-823C-FD4F4D6E4BC1}.Debug|Any CPU.Build.0 = Debug|Any CPU
		{943B7378-6D97-41A6-823C-FD4F4D6E4BC1}.Release|Any CPU.ActiveCfg = Release|Any CPU
		{943B7378-6D97-41A6-823C-FD4F4D6E4BC1}.Release|Any CPU.Build.0 = Release|Any CPU
		{92ADE626-BF8E-48F0-8AA6-8C91EB67A706}.Debug|Any CPU.ActiveCfg = Debug|Any CPU
		{92ADE626-BF8E-48F0-8AA6-8C91EB67A706}.Debug|Any CPU.Build.0 = Debug|Any CPU
		{92ADE626-BF8E-48F0-8AA6-8C91EB67A706}.Release|Any CPU.ActiveCfg = Release|Any CPU
		{92ADE626-BF8E-48F0-8AA6-8C91EB67A706}.Release|Any CPU.Build.0 = Release|Any CPU
		{207B0CD5-B8D8-417A-8577-857D5A1D2940}.Debug|Any CPU.ActiveCfg = Debug|Any CPU
		{207B0CD5-B8D8-417A-8577-857D5A1D2940}.Debug|Any CPU.Build.0 = Debug|Any CPU
		{207B0CD5-B8D8-417A-8577-857D5A1D2940}.Release|Any CPU.ActiveCfg = Release|Any CPU
		{207B0CD5-B8D8-417A-8577-857D5A1D2940}.Release|Any CPU.Build.0 = Release|Any CPU
	EndGlobalSection
	GlobalSection(SolutionProperties) = preSolution
		HideSolutionNode = FALSE
	EndGlobalSection
EndGlobal
